
Microsoft Visual Studio Solution File, Format Version 12.00
# Visual Studio Version 16
VisualStudioVersion = 16.0.33027.164
MinimumVisualStudioVersion = 10.0.40219.1
Project("{FAE04EC0-301F-11D3-BF4B-00C04F79EFBC}") = "FinalWeatherApp", "FinalWeatherApp.csproj", "{BFBD430C-79E1-46A8-98A1-8AD7023C621A}"
EndProject
Global
	GlobalSection(SolutionConfigurationPlatforms) = preSolution
		Debug|Any CPU = Debug|Any CPU
		Release|Any CPU = Release|Any CPU
	EndGlobalSection
	GlobalSection(ProjectConfigurationPlatforms) = postSolution
		{BFBD430C-79E1-46A8-98A1-8AD7023C621A}.Debug|Any CPU.ActiveCfg = Debug|Any CPU
		{BFBD430C-79E1-46A8-98A1-8AD7023C621A}.Debug|Any CPU.Build.0 = Debug|Any CPU
		{BFBD430C-79E1-46A8-98A1-8AD7023C621A}.Release|Any CPU.ActiveCfg = Release|Any CPU
		{BFBD430C-79E1-46A8-98A1-8AD7023C621A}.Release|Any CPU.Build.0 = Release|Any CPU
	EndGlobalSection
	GlobalSection(SolutionProperties) = preSolution
		HideSolutionNode = FALSE
	EndGlobalSection
	GlobalSection(ExtensibilityGlobals) = postSolution
		SolutionGuid = {0450C920-EF79-420A-B02A-576D68957C3F}
	EndGlobalSection
EndGlobal
